
Microsoft Visual Studio Solution File, Format Version 12.00
# Visual Studio Version 16
VisualStudioVersion = 16.0.29230.47
MinimumVisualStudioVersion = 10.0.40219.1
Project("{888888A0-9F3D-457C-B088-3A5042F75D52}") = "Pract_1", "Pract_1.pyproj", "{F18615E2-2C34-4ED3-BD0F-DBC0E8BEEB57}"
EndProject
Global
	GlobalSection(SolutionConfigurationPlatforms) = preSolution
		Debug|Any CPU = Debug|Any CPU
		Release|Any CPU = Release|Any CPU
	EndGlobalSection
	GlobalSection(ProjectConfigurationPlatforms) = postSolution
		{F18615E2-2C34-4ED3-BD0F-DBC0E8BEEB57}.Debug|Any CPU.ActiveCfg = Debug|Any CPU
		{F18615E2-2C34-4ED3-BD0F-DBC0E8BEEB57}.Release|Any CPU.ActiveCfg = Release|Any CPU
	EndGlobalSection
	GlobalSection(SolutionProperties) = preSolution
		HideSolutionNode = FALSE
	EndGlobalSection
	GlobalSection(ExtensibilityGlobals) = postSolution
		SolutionGuid = {DB0E7EFF-222C-4D5C-8CE0-50AEE85EC0DA}
	EndGlobalSection
EndGlobal
